<?xml version="1.0" encoding="utf-8"?>
<Project ToolsVersion="4.0" xmlns="http://schemas.microsoft.com/developer/msbuild/2003">
  <ItemGroup>
    <Filter Include="Source Files">
      <UniqueIdentifier>{E2185F37-00F4-407B-830C-A95B0B3807F4}</UniqueIdentifier>
      <Extensions>cpp;c;cc;cxx</Extensions>
    </Filter>
    <Filter Include="Header Files">
      <UniqueIdentifier>{1C22C32B-5F41-4601-BD4D-35C274778FE3}</UniqueIdentifier>
      <Extensions>h;hpp;hxx</Extensions>
    </Filter>
    <Filter Include="Third Party">
      <UniqueIdentifier>{8F1CB4F2-7756-45B6-A1AD-68EE5C027CD5}</UniqueIdentifier>
      <Extensions>h;hpp</Extensions>
    </Filter>
    <Filter Include="Source Files\assets">
      <UniqueIdentifier>{f7a38cba-2123-4a77-b4e0-f17a3011ee7b}</UniqueIdentifier>
    </Filter>
  </ItemGroup>
  <ItemGroup>
    <ClInclude Include="src\Engine.h">
      <Filter>Header Files</Filter>
    </ClInclude>
    <ClInclude Include="third_party\stb_image.h">
      <Filter>Third Party</Filter>
    </ClInclude>
  </ItemGroup>
  <ItemGroup>
    <ClCompile Include="src\Engine.cpp">
      <Filter>Source Files</Filter>
    </ClCompile>
    <ClCompile Include="src\Game.cpp">
      <Filter>Source Files</Filter>
    </ClCompile>
    <ClCompile Include="src\main.cpp">
      <Filter>Source Files</Filter>
    </ClCompile>
    <ClCompile Include="src\PlatformWin32.cpp">
      <Filter>Source Files</Filter>
    </ClCompile>
  </ItemGroup>
  <ItemGroup>
    <Image Include="..\..\..\..\Pictures\R.jfif">
      <Filter>Source Files\assets</Filter>
    </Image>
    <Image Include="..\..\..\..\Desktop\new.bmp">
      <Filter>Source Files\assets</Filter>
    </Image>
  </ItemGroup>
</Project>
